
Microsoft Visual Studio Solution File, Format Version 12.00
# Visual Studio Version 16
VisualStudioVersion = 16.0.31321.278
MinimumVisualStudioVersion = 10.0.40219.1
Project("{FAE04EC0-301F-11D3-BF4B-00C04F79EFBC}") = "Cloc", "Cloc\Cloc.csproj", "{272cb049-484c-4085-8966-631bb00127a6}"
EndProject
Project("{FAE04EC0-301F-11D3-BF4B-00C04F79EFBC}") = "Cloc.Tests", "Cloc.Tests\Cloc.Tests.csproj", "{9056ab66-7e57-4ce4-8bb8-420576ff9a53}"
EndProject
Global
	GlobalSection(SolutionConfigurationPlatforms) = preSolution
		Debug|Any CPU = Debug|Any CPU
		Release|Any CPU = Release|Any CPU
	EndGlobalSection
	GlobalSection(ProjectConfigurationPlatforms) = postSolution
		{272cb049-484c-4085-8966-631bb00127a6}.Debug|Any CPU.ActiveCfg = Debug|Any CPU
		{272cb049-484c-4085-8966-631bb00127a6}.Debug|Any CPU.Build.0 = Debug|Any CPU
		{272cb049-484c-4085-8966-631bb00127a6}.Release|Any CPU.ActiveCfg = Release|Any CPU
		{272cb049-484c-4085-8966-631bb00127a6}.Release|Any CPU.Build.0 = Release|Any CPU
		{9056ab66-7e57-4ce4-8bb8-420576ff9a53}.Debug|Any CPU.ActiveCfg = Debug|Any CPU
		{9056ab66-7e57-4ce4-8bb8-420576ff9a53}.Debug|Any CPU.Build.0 = Debug|Any CPU
		{9056ab66-7e57-4ce4-8bb8-420576ff9a53}.Release|Any CPU.ActiveCfg = Release|Any CPU
		{9056ab66-7e57-4ce4-8bb8-420576ff9a53}.Release|Any CPU.Build.0 = Release|Any CPU
	EndGlobalSection
	GlobalSection(SolutionProperties) = preSolution
		HideSolutionNode = FALSE
	EndGlobalSection
	GlobalSection(ExtensibilityGlobals) = postSolution
		SolutionGuid = {d2f08455-aec3-4dc1-b61a-7d4c87203d8c}
	EndGlobalSection
EndGlobal
